<?xml version="1.0" encoding="utf-8"?>
<Project ToolsVersion="4.0" xmlns="http://schemas.microsoft.com/developer/msbuild/2003">
  <ItemGroup>
    <Filter Include="Components">
      <UniqueIdentifier>{349d8aa4-0805-4a8a-afad-f3c4ff75cbd2}</UniqueIdentifier>
    </Filter>
    <Filter Include="Components\MOS6510">
      <UniqueIdentifier>{a0e17282-aee7-4e71-a4a2-50734a7e4c56}</UniqueIdentifier>
    </Filter>
    <Filter Include="Components\MOS6526">
      <UniqueIdentifier>{10023b91-cd39-4793-8c90-5d13f6acd310}</UniqueIdentifier>
    </Filter>
    <Filter Include="Components\MOS656X">
      <UniqueIdentifier>{073748e0-9a6c-4eeb-8cfe-181eaea217a5}</UniqueIdentifier>
    </Filter>
    <Filter Include="Components\SID6526">
      <UniqueIdentifier>{1d4792cd-6d6f-4b8f-a2ec-c134381fb6c2}</UniqueIdentifier>
    </Filter>
    <Filter Include="Components\SidTune">
      <UniqueIdentifier>{abdb59c2-b4f0-45f8-8882-558f49986a6b}</UniqueIdentifier>
    </Filter>
    <Filter Include="Components\xSID">
      <UniqueIdentifier>{008eae61-141a-4c4a-b292-66bbca3585e6}</UniqueIdentifier>
    </Filter>
    <Filter Include="Header Files">
      <UniqueIdentifier>{d5443312-96c1-4954-88e1-8db148151085}</UniqueIdentifier>
      <Extensions>h</Extensions>
    </Filter>
    <Filter Include="Header Files %28Public%29">
      <UniqueIdentifier>{790c31f3-2cca-4220-9ee7-5b86e0dc54dc}</UniqueIdentifier>
    </Filter>
    <Filter Include="Source Files">
      <UniqueIdentifier>{1d33f46c-1978-4e3f-95a5-6c152c987b21}</UniqueIdentifier>
      <Extensions>cpp;cc;cxx;c;i</Extensions>
    </Filter>
  </ItemGroup>
  <ItemGroup>
    <ClInclude Include="..\..\src\mos6510\conf6510.h">
      <Filter>Components\MOS6510</Filter>
    </ClInclude>
    <ClInclude Include="..\..\src\mos6510\mos6510.h">
      <Filter>Components\MOS6510</Filter>
    </ClInclude>
    <ClInclude Include="..\..\src\mos6510\cycle_based\mos6510c.h">
      <Filter>Components\MOS6510</Filter>
    </ClInclude>
    <ClInclude Include="..\..\src\mos6510\opcodes.h">
      <Filter>Components\MOS6510</Filter>
    </ClInclude>
    <ClInclude Include="..\..\src\mos6510\cycle_based\sid6510c.h">
      <Filter>Components\MOS6510</Filter>
    </ClInclude>
    <ClInclude Include="..\..\src\mos6526\mos6526.h">
      <Filter>Components\MOS6526</Filter>
    </ClInclude>
    <ClInclude Include="..\..\src\mos656x\mos656x.h">
      <Filter>Components\MOS656X</Filter>
    </ClInclude>
    <ClInclude Include="..\..\src\sid6526\sid6526.h">
      <Filter>Components\SID6526</Filter>
    </ClInclude>
    <ClInclude Include="..\..\include\sidplay\Buffer.h">
      <Filter>Components\SidTune</Filter>
    </ClInclude>
    <ClInclude Include="..\..\src\sidtune\PP20.h">
      <Filter>Components\SidTune</Filter>
    </ClInclude>
    <ClInclude Include="..\..\src\sidtune\PP20_Defs.h">
      <Filter>Components\SidTune</Filter>
    </ClInclude>
    <ClInclude Include="..\..\include\sidplay\SidTune.h">
      <Filter>Components\SidTune</Filter>
    </ClInclude>
    <ClInclude Include="..\..\src\sidtune\SidTuneCfg.h">
      <Filter>Components\SidTune</Filter>
    </ClInclude>
    <ClInclude Include="..\..\src\sidtune\SidTuneTools.h">
      <Filter>Components\SidTune</Filter>
    </ClInclude>
    <ClInclude Include="..\..\include\sidplay\SmartPtr.h">
      <Filter>Components\SidTune</Filter>
    </ClInclude>
    <ClInclude Include="..\..\src\xsid\xsid.h">
      <Filter>Components\xSID</Filter>
    </ClInclude>
    <ClInclude Include="..\..\src\c64\c64cia.h">
      <Filter>Header Files</Filter>
    </ClInclude>
    <ClInclude Include="..\..\src\c64\c64vic.h">
      <Filter>Header Files</Filter>
    </ClInclude>
    <ClInclude Include="..\..\src\c64\c64xsid.h">
      <Filter>Header Files</Filter>
    </ClInclude>
    <ClInclude Include="..\..\include\config.h">
      <Filter>Header Files</Filter>
    </ClInclude>
    <ClInclude Include="config.h">
      <Filter>Header Files</Filter>
    </ClInclude>
    <ClInclude Include="..\..\src\nullsid.h">
      <Filter>Header Files</Filter>
    </ClInclude>
    <ClInclude Include="..\..\src\player.h">
      <Filter>Header Files</Filter>
    </ClInclude>
    <ClInclude Include="..\..\include\sidplay\sidconfig.h">
      <Filter>Header Files</Filter>
    </ClInclude>
    <ClInclude Include="..\..\include\sidplay\c64env.h">
      <Filter>Header Files %28Public%29</Filter>
    </ClInclude>
    <ClInclude Include="..\..\include\sidplay\component.h">
      <Filter>Header Files %28Public%29</Filter>
    </ClInclude>
    <ClInclude Include="..\..\include\sidplay\event.h">
      <Filter>Header Files %28Public%29</Filter>
    </ClInclude>
    <ClInclude Include="..\..\include\sidplay\sid2types.h">
      <Filter>Header Files %28Public%29</Filter>
    </ClInclude>
    <ClInclude Include="..\..\include\sidplay\sidbuilder.h">
      <Filter>Header Files %28Public%29</Filter>
    </ClInclude>
    <ClInclude Include="sidconfig.h">
      <Filter>Header Files %28Public%29</Filter>
    </ClInclude>
    <ClInclude Include="..\..\include\sidplay\sidendian.h">
      <Filter>Header Files %28Public%29</Filter>
    </ClInclude>
    <ClInclude Include="..\..\include\sidenv.h">
      <Filter>Header Files %28Public%29</Filter>
    </ClInclude>
    <ClInclude Include="..\..\include\sidplay\sidplay2.h">
      <Filter>Header Files %28Public%29</Filter>
    </ClInclude>
    <ClInclude Include="..\..\include\sidplay\sidtypes.h">
      <Filter>Header Files %28Public%29</Filter>
    </ClInclude>
    <ClInclude Include="..\..\include\sidplay\sidusage.h">
      <Filter>Header Files %28Public%29</Filter>
    </ClInclude>
  </ItemGroup>
  <ItemGroup>
    <ClCompile Include="..\..\src\mos6510\mos6510.cpp">
      <Filter>Components\MOS6510</Filter>
    </ClCompile>
    <ClCompile Include="..\..\src\mos6526\mos6526.cpp">
      <Filter>Components\MOS6526</Filter>
    </ClCompile>
    <ClCompile Include="..\..\src\mos656x\mos656x.cpp">
      <Filter>Components\MOS656X</Filter>
    </ClCompile>
    <ClCompile Include="..\..\src\sid6526\sid6526.cpp">
      <Filter>Components\SID6526</Filter>
    </ClCompile>
    <ClCompile Include="..\..\src\sidtune\IconInfo.cpp">
      <Filter>Components\SidTune</Filter>
    </ClCompile>
    <ClCompile Include="..\..\src\sidtune\InfoFile.cpp">
      <Filter>Components\SidTune</Filter>
    </ClCompile>
    <ClCompile Include="..\..\src\sidtune\MUS.cpp">
      <Filter>Components\SidTune</Filter>
    </ClCompile>
    <ClCompile Include="..\..\src\sidtune\p00.cpp">
      <Filter>Components\SidTune</Filter>
    </ClCompile>
    <ClCompile Include="..\..\src\sidtune\PP20.cpp">
      <Filter>Components\SidTune</Filter>
    </ClCompile>
    <ClCompile Include="..\..\src\sidtune\PRG.CPP">
      <Filter>Components\SidTune</Filter>
    </ClCompile>
    <ClCompile Include="..\..\src\sidtune\PSID.cpp">
      <Filter>Components\SidTune</Filter>
    </ClCompile>
    <ClCompile Include="..\..\src\sidtune\SidTune.cpp">
      <Filter>Components\SidTune</Filter>
    </ClCompile>
    <ClCompile Include="..\..\src\sidtune\SidTuneTools.cpp">
      <Filter>Components\SidTune</Filter>
    </ClCompile>
    <ClCompile Include="..\..\src\xsid\xsid.cpp">
      <Filter>Components\xSID</Filter>
    </ClCompile>
    <ClCompile Include="..\..\src\config.cpp">
      <Filter>Source Files</Filter>
    </ClCompile>
    <ClCompile Include="..\..\src\event.cpp">
      <Filter>Source Files</Filter>
    </ClCompile>
    <ClCompile Include="..\..\src\mixer.cpp">
      <Filter>Source Files</Filter>
    </ClCompile>
    <ClCompile Include="..\..\src\player.cpp">
      <Filter>Source Files</Filter>
    </ClCompile>
    <ClCompile Include="..\..\src\psiddrv.cpp">
      <Filter>Source Files</Filter>
    </ClCompile>
    <ClCompile Include="..\..\src\reloc65.c">
      <Filter>Source Files</Filter>
    </ClCompile>
    <ClCompile Include="..\..\src\sidplay2.cpp">
      <Filter>Source Files</Filter>
    </ClCompile>
  </ItemGroup>
  <ItemGroup>
    <None Include="..\..\src\mos6510\cycle_based\mos6510c.i">
      <Filter>Components\MOS6510</Filter>
    </None>
    <None Include="..\..\src\mos6510\cycle_based\sid6510c.i">
      <Filter>Components\MOS6510</Filter>
    </None>
    <None Include="..\..\src\char.bin">
      <Filter>Source Files</Filter>
    </None>
    <None Include="..\..\src\kernal.bin">
      <Filter>Source Files</Filter>
    </None>
    <None Include="..\..\src\poweron.bin">
      <Filter>Source Files</Filter>
    </None>
    <None Include="..\..\src\psiddrv.a65">
      <Filter>Source Files</Filter>
    </None>
    <None Include="..\..\src\psiddrv.bin">
      <Filter>Source Files</Filter>
    </None>
  </ItemGroup>
</Project>